
Microsoft Visual Studio Solution File, Format Version 12.00
# Visual Studio Version 17
VisualStudioVersion = 17.4.33213.308
MinimumVisualStudioVersion = 10.0.40219.1
Project("{FAE04EC0-301F-11D3-BF4B-00C04F79EFBC}") = "Pr13(1)", "Pr13(1)\Pr13(1).csproj", "{B436E59E-FDDE-493E-A2B6-24931B57136B}"
EndProject
Global
	GlobalSection(SolutionConfigurationPlatforms) = preSolution
		Debug|Any CPU = Debug|Any CPU
		Release|Any CPU = Release|Any CPU
	EndGlobalSection
	GlobalSection(ProjectConfigurationPlatforms) = postSolution
		{B436E59E-FDDE-493E-A2B6-24931B57136B}.Debug|Any CPU.ActiveCfg = Debug|Any CPU
		{B436E59E-FDDE-493E-A2B6-24931B57136B}.Debug|Any CPU.Build.0 = Debug|Any CPU
		{B436E59E-FDDE-493E-A2B6-24931B57136B}.Release|Any CPU.ActiveCfg = Release|Any CPU
		{B436E59E-FDDE-493E-A2B6-24931B57136B}.Release|Any CPU.Build.0 = Release|Any CPU
	EndGlobalSection
	GlobalSection(SolutionProperties) = preSolution
		HideSolutionNode = FALSE
	EndGlobalSection
	GlobalSection(ExtensibilityGlobals) = postSolution
		SolutionGuid = {42F80004-6640-4029-BEA1-57CF425EBC2A}
	EndGlobalSection
EndGlobal
